{
  "requires": true,
  "lockfileVersion": 1,
  "dependencies": {
    "jsts": {
      "version": "2.8.1",
      "resolved": "https://registry.npmjs.org/jsts/-/jsts-2.8.1.tgz",
      "integrity": "sha512-1YXAiK7qidLe+MGcwNzHFERM420psy49JtGD4zVIkMBQ8Q563BjoKsexejszcSbiiwypq39kvin67d1lJBrZXQ=="
    },
    "leaflet-polylinedecorator": {
      "version": "1.6.0",
      "resolved": "https://registry.npmjs.org/leaflet-polylinedecorator/-/leaflet-polylinedecorator-1.6.0.tgz",
      "integrity": "sha1-nvef0bUwLWe3Lv6Vmo7NJVPycmY=",
      "requires": {
        "leaflet-rotatedmarker": "^0.2.0"
      }
    },
    "leaflet-rotatedmarker": {
      "version": "0.2.0",
      "resolved": "https://registry.npmjs.org/leaflet-rotatedmarker/-/leaflet-rotatedmarker-0.2.0.tgz",
      "integrity": "sha1-RGf0n5jRv9VpWb2cZwUgPdJgEnc="
    }
  }
}
